// !$*UTF8*$!
{
	archiveVersion = 1;
	classes = {
	};
	objectVersion = 46;
	objects = {

/* Begin PBXBuildFile section */
		09026BBD1ED3A4FE0047EEFF /* AppDelegate.swift in Sources */ = {isa = PBXBuildFile; fileRef = 09026BBC1ED3A4FE0047EEFF /* AppDelegate.swift */; };
		09026BBF1ED3A4FE0047EEFF /* CoverPageViewController.swift in Sources */ = {isa = PBXBuildFile; fileRef = 09026BBE1ED3A4FE0047EEFF /* CoverPageViewController.swift */; };
		09026BC21ED3A4FE0047EEFF /* Main.storyboard in Resources */ = {isa = PBXBuildFile; fileRef = 09026BC01ED3A4FE0047EEFF /* Main.storyboard */; };
		09026BC51ED3A4FE0047EEFF /* mtslash_NEXT.xcdatamodeld in Sources */ = {isa = PBXBuildFile; fileRef = 09026BC31ED3A4FE0047EEFF /* mtslash_NEXT.xcdatamodeld */; };
		09026BC71ED3A4FE0047EEFF /* Assets.xcassets in Resources */ = {isa = PBXBuildFile; fileRef = 09026BC61ED3A4FE0047EEFF /* Assets.xcassets */; };
		09026BCA1ED3A4FE0047EEFF /* LaunchScreen.storyboard in Resources */ = {isa = PBXBuildFile; fileRef = 09026BC81ED3A4FE0047EEFF /* LaunchScreen.storyboard */; };
		09026BD31ED3C1AD0047EEFF /* slash_full.png in Resources */ = {isa = PBXBuildFile; fileRef = 09026BD21ED3C1AD0047EEFF /* slash_full.png */; };
		09026BD51ED3C1F60047EEFF /* Credits in Resources */ = {isa = PBXBuildFile; fileRef = 09026BD41ED3C1F60047EEFF /* Credits */; };
		091174711ED51004009052A7 /* UserCredentials.swift in Sources */ = {isa = PBXBuildFile; fileRef = 091174701ED51004009052A7 /* UserCredentials.swift */; };
		091174731ED519A2009052A7 /* DocumentViewerHelper.swift in Sources */ = {isa = PBXBuildFile; fileRef = 091174721ED519A2009052A7 /* DocumentViewerHelper.swift */; };
		091174751ED523E3009052A7 /* fromPasswordInputPageToUsernameInputPage.swift in Sources */ = {isa = PBXBuildFile; fileRef = 091174741ED523E3009052A7 /* fromPasswordInputPageToUsernameInputPage.swift */; };
		095D89F91ED3C97700C18B4C /* coverImage.jpg in Resources */ = {isa = PBXBuildFile; fileRef = 095D89F81ED3C97700C18B4C /* coverImage.jpg */; };
		095D89FB1ED3D40100C18B4C /* UsernameInputPageViewController.swift in Sources */ = {isa = PBXBuildFile; fileRef = 095D89FA1ED3D40100C18B4C /* UsernameInputPageViewController.swift */; };
		095D89FD1ED3E44600C18B4C /* username_input_page_background_st.jpg in Resources */ = {isa = PBXBuildFile; fileRef = 095D89FC1ED3E44600C18B4C /* username_input_page_background_st.jpg */; };
		095D89FF1ED3E4D900C18B4C /* id_card.png in Resources */ = {isa = PBXBuildFile; fileRef = 095D89FE1ED3E4D900C18B4C /* id_card.png */; };
		095D8A021ED3E6D000C18B4C /* fromCoverPageToUsernameInputPage.swift in Sources */ = {isa = PBXBuildFile; fileRef = 095D8A011ED3E6D000C18B4C /* fromCoverPageToUsernameInputPage.swift */; };
		095D8A041ED3F48900C18B4C /* password_input_page_background_sherlock.jpg in Resources */ = {isa = PBXBuildFile; fileRef = 095D8A031ED3F48800C18B4C /* password_input_page_background_sherlock.jpg */; };
		095D8A061ED3F67B00C18B4C /* PasswordInputPageViewController.swift in Sources */ = {isa = PBXBuildFile; fileRef = 095D8A051ED3F67B00C18B4C /* PasswordInputPageViewController.swift */; };
		095D8A081ED3FC3D00C18B4C /* password.png in Resources */ = {isa = PBXBuildFile; fileRef = 095D8A071ED3FC3D00C18B4C /* password.png */; };
		095D8A0A1ED4C3B700C18B4C /* fromUsernameInputPageToPasswordInputPage.swift in Sources */ = {isa = PBXBuildFile; fileRef = 095D8A091ED4C3B700C18B4C /* fromUsernameInputPageToPasswordInputPage.swift */; };
		095D8A0C1ED4D3A700C18B4C /* WebDocumentPageViewController.swift in Sources */ = {isa = PBXBuildFile; fileRef = 095D8A0B1ED4D3A700C18B4C /* WebDocumentPageViewController.swift */; };
		09887DEA1EF90B46002D3FDC /* homepage_background_protostar.jpg in Resources */ = {isa = PBXBuildFile; fileRef = 09887DE91EF90B46002D3FDC /* homepage_background_protostar.jpg */; };
		09887DF71EFAE101002D3FDC /* the_flash_panel.jpg in Resources */ = {isa = PBXBuildFile; fileRef = 09887DEC1EFAE101002D3FDC /* the_flash_panel.jpg */; };
		09887DF81EFAE101002D3FDC /* doctor_who_panel.jpg in Resources */ = {isa = PBXBuildFile; fileRef = 09887DED1EFAE101002D3FDC /* doctor_who_panel.jpg */; };
		09887DF91EFAE101002D3FDC /* h5o_panel.jpg in Resources */ = {isa = PBXBuildFile; fileRef = 09887DEE1EFAE101002D3FDC /* h5o_panel.jpg */; };
		09887DFA1EFAE101002D3FDC /* teen_wolf_panel.jpg in Resources */ = {isa = PBXBuildFile; fileRef = 09887DEF1EFAE101002D3FDC /* teen_wolf_panel.jpg */; };
		09887DFB1EFAE101002D3FDC /* white_collar_panel.jpg in Resources */ = {isa = PBXBuildFile; fileRef = 09887DF01EFAE101002D3FDC /* white_collar_panel.jpg */; };
		09887DFC1EFAE101002D3FDC /* house_panel.jpg in Resources */ = {isa = PBXBuildFile; fileRef = 09887DF11EFAE101002D3FDC /* house_panel.jpg */; };
		09887DFD1EFAE101002D3FDC /* hannibal_panel.jpg in Resources */ = {isa = PBXBuildFile; fileRef = 09887DF21EFAE101002D3FDC /* hannibal_panel.jpg */; };
		09887DFE1EFAE101002D3FDC /* poi_panel.jpg in Resources */ = {isa = PBXBuildFile; fileRef = 09887DF31EFAE101002D3FDC /* poi_panel.jpg */; };
		09887DFF1EFAE101002D3FDC /* common_law_panel.jpg in Resources */ = {isa = PBXBuildFile; fileRef = 09887DF41EFAE101002D3FDC /* common_law_panel.jpg */; };
		09887E001EFAE101002D3FDC /* suits_panel.jpg in Resources */ = {isa = PBXBuildFile; fileRef = 09887DF51EFAE101002D3FDC /* suits_panel.jpg */; };
		09887E011EFAE101002D3FDC /* merlin_panel.jpg in Resources */ = {isa = PBXBuildFile; fileRef = 09887DF61EFAE101002D3FDC /* merlin_panel.jpg */; };
		09887E211EFAE110002D3FDC /* NCIS_panel.jpg in Resources */ = {isa = PBXBuildFile; fileRef = 09887E021EFAE110002D3FDC /* NCIS_panel.jpg */; };
		09887E221EFAE110002D3FDC /* SPN_panel.jpg in Resources */ = {isa = PBXBuildFile; fileRef = 09887E031EFAE110002D3FDC /* SPN_panel.jpg */; };
		09887E231EFAE110002D3FDC /* CSI_panel.jpg in Resources */ = {isa = PBXBuildFile; fileRef = 09887E041EFAE110002D3FDC /* CSI_panel.jpg */; };
		09887E241EFAE110002D3FDC /* elementary_panel.jpg in Resources */ = {isa = PBXBuildFile; fileRef = 09887E051EFAE110002D3FDC /* elementary_panel.jpg */; };
		09887E251EFAE110002D3FDC /* sherlock_holmes_movie_panel.jpg in Resources */ = {isa = PBXBuildFile; fileRef = 09887E061EFAE110002D3FDC /* sherlock_holmes_movie_panel.jpg */; };
		09887E261EFAE110002D3FDC /* sherlock_holmes_books_panel.jpg in Resources */ = {isa = PBXBuildFile; fileRef = 09887E071EFAE110002D3FDC /* sherlock_holmes_books_panel.jpg */; };
		09887E271EFAE110002D3FDC /* sherlock_tv_2010_panel.jpg in Resources */ = {isa = PBXBuildFile; fileRef = 09887E081EFAE110002D3FDC /* sherlock_tv_2010_panel.jpg */; };
		09887E281EFAE110002D3FDC /* star_wars_panel.jpg in Resources */ = {isa = PBXBuildFile; fileRef = 09887E091EFAE110002D3FDC /* star_wars_panel.jpg */; };
		09887E291EFAE110002D3FDC /* WOW_panel.jpg in Resources */ = {isa = PBXBuildFile; fileRef = 09887E0A1EFAE110002D3FDC /* WOW_panel.jpg */; };
		09887E2A1EFAE110002D3FDC /* the_man_from_uncle_panel.jpg in Resources */ = {isa = PBXBuildFile; fileRef = 09887E0B1EFAE110002D3FDC /* the_man_from_uncle_panel.jpg */; };
		09887E2B1EFAE110002D3FDC /* les_miserables_panel.jpg in Resources */ = {isa = PBXBuildFile; fileRef = 09887E0C1EFAE110002D3FDC /* les_miserables_panel.jpg */; };
		09887E2C1EFAE110002D3FDC /* kingsman_panel.jpg in Resources */ = {isa = PBXBuildFile; fileRef = 09887E0D1EFAE110002D3FDC /* kingsman_panel.jpg */; };
		09887E2D1EFAE110002D3FDC /* spider_man_panel.jpg in Resources */ = {isa = PBXBuildFile; fileRef = 09887E0E1EFAE110002D3FDC /* spider_man_panel.jpg */; };
		09887E2E1EFAE110002D3FDC /* HP_panel.jpg in Resources */ = {isa = PBXBuildFile; fileRef = 09887E0F1EFAE110002D3FDC /* HP_panel.jpg */; };
		09887E2F1EFAE110002D3FDC /* pacific_rim_panel.jpg in Resources */ = {isa = PBXBuildFile; fileRef = 09887E101EFAE110002D3FDC /* pacific_rim_panel.jpg */; };
		09887E301EFAE110002D3FDC /* tolkien_panel.jpg in Resources */ = {isa = PBXBuildFile; fileRef = 09887E111EFAE110002D3FDC /* tolkien_panel.jpg */; };
		09887E311EFAE110002D3FDC /* 007_panel.jpg in Resources */ = {isa = PBXBuildFile; fileRef = 09887E121EFAE110002D3FDC /* 007_panel.jpg */; };
		09887E321EFAE110002D3FDC /* star_trek_panel.jpg in Resources */ = {isa = PBXBuildFile; fileRef = 09887E131EFAE110002D3FDC /* star_trek_panel.jpg */; };
		09887E331EFAE110002D3FDC /* mission_impossible_panel.jpg in Resources */ = {isa = PBXBuildFile; fileRef = 09887E141EFAE110002D3FDC /* mission_impossible_panel.jpg */; };
		09887E341EFAE110002D3FDC /* x_men_panel.jpg in Resources */ = {isa = PBXBuildFile; fileRef = 09887E151EFAE110002D3FDC /* x_men_panel.jpg */; };
		09887E351EFAE110002D3FDC /* TSN_panel.jpg in Resources */ = {isa = PBXBuildFile; fileRef = 09887E161EFAE110002D3FDC /* TSN_panel.jpg */; };
		09887E361EFAE110002D3FDC /* inception_panel.jpg in Resources */ = {isa = PBXBuildFile; fileRef = 09887E171EFAE110002D3FDC /* inception_panel.jpg */; };
		09887E371EFAE110002D3FDC /* DC_panel.jpg in Resources */ = {isa = PBXBuildFile; fileRef = 09887E181EFAE110002D3FDC /* DC_panel.jpg */; };
		09887E381EFAE110002D3FDC /* doctor_strange_panel.jpg in Resources */ = {isa = PBXBuildFile; fileRef = 09887E191EFAE110002D3FDC /* doctor_strange_panel.jpg */; };
		09887E391EFAE110002D3FDC /* hulk_panel.jpg in Resources */ = {isa = PBXBuildFile; fileRef = 09887E1A1EFAE110002D3FDC /* hulk_panel.jpg */; };
		09887E3A1EFAE110002D3FDC /* antman_panel.jpg in Resources */ = {isa = PBXBuildFile; fileRef = 09887E1B1EFAE110002D3FDC /* antman_panel.jpg */; };
		09887E3B1EFAE110002D3FDC /* guardians_of_the_galaxy_panel.jpg in Resources */ = {isa = PBXBuildFile; fileRef = 09887E1C1EFAE110002D3FDC /* guardians_of_the_galaxy_panel.jpg */; };
		09887E3C1EFAE110002D3FDC /* captain_america_panel.jpg in Resources */ = {isa = PBXBuildFile; fileRef = 09887E1D1EFAE110002D3FDC /* captain_america_panel.jpg */; };
		09887E3D1EFAE110002D3FDC /* thor_general.jpg in Resources */ = {isa = PBXBuildFile; fileRef = 09887E1E1EFAE110002D3FDC /* thor_general.jpg */; };
		09887E3E1EFAE110002D3FDC /* iron_man_panel.jpg in Resources */ = {isa = PBXBuildFile; fileRef = 09887E1F1EFAE110002D3FDC /* iron_man_panel.jpg */; };
		09887E3F1EFAE110002D3FDC /* avengers_panel.jpg in Resources */ = {isa = PBXBuildFile; fileRef = 09887E201EFAE110002D3FDC /* avengers_panel.jpg */; };
		09887E471EFAF3C7002D3FDC /* SlidingMenuHandler.swift in Sources */ = {isa = PBXBuildFile; fileRef = 09887E461EFAF3C7002D3FDC /* SlidingMenuHandler.swift */; };
		09887E491EFAF498002D3FDC /* HomepageBackgroundImageHandler.swift in Sources */ = {isa = PBXBuildFile; fileRef = 09887E481EFAF498002D3FDC /* HomepageBackgroundImageHandler.swift */; };
		09887E521EFBC4B7002D3FDC /* HomepageViewControllerExtA.swift in Sources */ = {isa = PBXBuildFile; fileRef = 09887E511EFBC4B7002D3FDC /* HomepageViewControllerExtA.swift */; };
		09887E541EFBDD7C002D3FDC /* SlidingMenuButton.swift in Sources */ = {isa = PBXBuildFile; fileRef = 09887E531EFBDD7C002D3FDC /* SlidingMenuButton.swift */; };
		09887E561EFBE23F002D3FDC /* slidingMenuItems.json in Resources */ = {isa = PBXBuildFile; fileRef = 09887E551EFBE23F002D3FDC /* slidingMenuItems.json */; };
		09887E581EFC0DA6002D3FDC /* HomepageViewControllerExtB.swift in Sources */ = {isa = PBXBuildFile; fileRef = 09887E571EFC0DA6002D3FDC /* HomepageViewControllerExtB.swift */; };
		09A6EA331EFD7ADA008BFCBB /* star_wars_background.jpg in Resources */ = {isa = PBXBuildFile; fileRef = 09A6EA121EFD7ADA008BFCBB /* star_wars_background.jpg */; };
		09A6EA341EFD7ADA008BFCBB /* WOW_background.jpg in Resources */ = {isa = PBXBuildFile; fileRef = 09A6EA131EFD7ADA008BFCBB /* WOW_background.jpg */; };
		09A6EA351EFD7ADA008BFCBB /* the_flash_background.jpg in Resources */ = {isa = PBXBuildFile; fileRef = 09A6EA141EFD7ADA008BFCBB /* the_flash_background.jpg */; };
		09A6EA361EFD7ADA008BFCBB /* the_man_from_uncle_background.jpg in Resources */ = {isa = PBXBuildFile; fileRef = 09A6EA151EFD7ADA008BFCBB /* the_man_from_uncle_background.jpg */; };
		09A6EA371EFD7ADA008BFCBB /* background_mask.png in Resources */ = {isa = PBXBuildFile; fileRef = 09A6EA161EFD7ADA008BFCBB /* background_mask.png */; };
		09A6EA381EFD7ADA008BFCBB /* suits_background.jpg in Resources */ = {isa = PBXBuildFile; fileRef = 09A6EA171EFD7ADA008BFCBB /* suits_background.jpg */; };
		09A6EA391EFD7ADA008BFCBB /* common_law_background.jpg in Resources */ = {isa = PBXBuildFile; fileRef = 09A6EA181EFD7ADA008BFCBB /* common_law_background.jpg */; };
		09A6EA3A1EFD7ADA008BFCBB /* white_collar_background.jpg in Resources */ = {isa = PBXBuildFile; fileRef = 09A6EA191EFD7ADA008BFCBB /* white_collar_background.jpg */; };
		09A6EA3B1EFD7ADA008BFCBB /* POI_background.jpg in Resources */ = {isa = PBXBuildFile; fileRef = 09A6EA1A1EFD7ADA008BFCBB /* POI_background.jpg */; };
		09A6EA3C1EFD7ADA008BFCBB /* house_background.jpg in Resources */ = {isa = PBXBuildFile; fileRef = 09A6EA1B1EFD7ADA008BFCBB /* house_background.jpg */; };
		09A6EA3D1EFD7ADA008BFCBB /* doctor_who_background.jpg in Resources */ = {isa = PBXBuildFile; fileRef = 09A6EA1C1EFD7ADA008BFCBB /* doctor_who_background.jpg */; };
		09A6EA3E1EFD7ADA008BFCBB /* h5o_background.jpg in Resources */ = {isa = PBXBuildFile; fileRef = 09A6EA1D1EFD7ADA008BFCBB /* h5o_background.jpg */; };
		09A6EA3F1EFD7ADA008BFCBB /* teen_wolf_background.jpg in Resources */ = {isa = PBXBuildFile; fileRef = 09A6EA1E1EFD7ADA008BFCBB /* teen_wolf_background.jpg */; };
		09A6EA401EFD7ADA008BFCBB /* merlin_background.jpg in Resources */ = {isa = PBXBuildFile; fileRef = 09A6EA1F1EFD7ADA008BFCBB /* merlin_background.jpg */; };
		09A6EA411EFD7ADA008BFCBB /* NCIS_background.jpg in Resources */ = {isa = PBXBuildFile; fileRef = 09A6EA201EFD7ADA008BFCBB /* NCIS_background.jpg */; };
		09A6EA421EFD7ADA008BFCBB /* SPN_background.jpg in Resources */ = {isa = PBXBuildFile; fileRef = 09A6EA211EFD7ADA008BFCBB /* SPN_background.jpg */; };
		09A6EA431EFD7ADA008BFCBB /* sherlock_background.jpg in Resources */ = {isa = PBXBuildFile; fileRef = 09A6EA221EFD7ADA008BFCBB /* sherlock_background.jpg */; };
		09A6EA441EFD7ADA008BFCBB /* CSI_background.jpg in Resources */ = {isa = PBXBuildFile; fileRef = 09A6EA231EFD7ADA008BFCBB /* CSI_background.jpg */; };
		09A6EA451EFD7ADA008BFCBB /* les_miserables_background.jpg in Resources */ = {isa = PBXBuildFile; fileRef = 09A6EA241EFD7ADA008BFCBB /* les_miserables_background.jpg */; };
		09A6EA461EFD7ADA008BFCBB /* spider_man_background.jpg in Resources */ = {isa = PBXBuildFile; fileRef = 09A6EA251EFD7ADA008BFCBB /* spider_man_background.jpg */; };
		09A6EA471EFD7ADA008BFCBB /* harry_potter_background.jpg in Resources */ = {isa = PBXBuildFile; fileRef = 09A6EA261EFD7ADA008BFCBB /* harry_potter_background.jpg */; };
		09A6EA481EFD7ADA008BFCBB /* pacific_rim_background.jpg in Resources */ = {isa = PBXBuildFile; fileRef = 09A6EA271EFD7ADA008BFCBB /* pacific_rim_background.jpg */; };
		09A6EA491EFD7ADA008BFCBB /* tolkien_background.jpg in Resources */ = {isa = PBXBuildFile; fileRef = 09A6EA281EFD7ADA008BFCBB /* tolkien_background.jpg */; };
		09A6EA4A1EFD7ADA008BFCBB /* 007_background.jpg in Resources */ = {isa = PBXBuildFile; fileRef = 09A6EA291EFD7ADA008BFCBB /* 007_background.jpg */; };
		09A6EA4B1EFD7ADA008BFCBB /* star_trek_background.jpg in Resources */ = {isa = PBXBuildFile; fileRef = 09A6EA2A1EFD7ADA008BFCBB /* star_trek_background.jpg */; };
		09A6EA4C1EFD7ADA008BFCBB /* mission_impossible_background.jpg in Resources */ = {isa = PBXBuildFile; fileRef = 09A6EA2B1EFD7ADA008BFCBB /* mission_impossible_background.jpg */; };
		09A6EA4D1EFD7ADA008BFCBB /* x_men_background.jpg in Resources */ = {isa = PBXBuildFile; fileRef = 09A6EA2C1EFD7ADA008BFCBB /* x_men_background.jpg */; };
		09A6EA4E1EFD7ADA008BFCBB /* TSN_background.jpg in Resources */ = {isa = PBXBuildFile; fileRef = 09A6EA2D1EFD7ADA008BFCBB /* TSN_background.jpg */; };
		09A6EA4F1EFD7ADA008BFCBB /* inception_background.jpg in Resources */ = {isa = PBXBuildFile; fileRef = 09A6EA2E1EFD7ADA008BFCBB /* inception_background.jpg */; };
		09A6EA501EFD7ADA008BFCBB /* DC_background.jpg in Resources */ = {isa = PBXBuildFile; fileRef = 09A6EA2F1EFD7ADA008BFCBB /* DC_background.jpg */; };
		09A6EA511EFD7ADA008BFCBB /* avengers_background.jpg in Resources */ = {isa = PBXBuildFile; fileRef = 09A6EA301EFD7ADA008BFCBB /* avengers_background.jpg */; };
		09A6EA521EFD7ADA008BFCBB /* kingsman_background.jpg in Resources */ = {isa = PBXBuildFile; fileRef = 09A6EA311EFD7ADA008BFCBB /* kingsman_background.jpg */; };
		09A6EA531EFD7ADA008BFCBB /* hannibal_background.jpg in Resources */ = {isa = PBXBuildFile; fileRef = 09A6EA321EFD7ADA008BFCBB /* hannibal_background.jpg */; };
		09A6EA551EFF95B4008BFCBB /* sections.json in Resources */ = {isa = PBXBuildFile; fileRef = 09A6EA541EFF95B4008BFCBB /* sections.json */; };
		09A6EA571EFFA348008BFCBB /* Sections.swift in Sources */ = {isa = PBXBuildFile; fileRef = 09A6EA561EFFA348008BFCBB /* Sections.swift */; };
		09A6EA5F1EFFC465008BFCBB /* mtslash_NEXT_Tests.swift in Sources */ = {isa = PBXBuildFile; fileRef = 09A6EA5E1EFFC465008BFCBB /* mtslash_NEXT_Tests.swift */; };
		09A6EA671EFFC84C008BFCBB /* homepage_Mask.png in Resources */ = {isa = PBXBuildFile; fileRef = 09A6EA661EFFC84C008BFCBB /* homepage_Mask.png */; };
		09C02C321EF5836F00CF111F /* AccessPoints.swift in Sources */ = {isa = PBXBuildFile; fileRef = 09C02C311EF5836F00CF111F /* AccessPoints.swift */; };
		09C02C351EF6256500CF111F /* stdAPData.json in Resources */ = {isa = PBXBuildFile; fileRef = 09C02C341EF6256500CF111F /* stdAPData.json */; };
		09C02C3B1EF6622F00CF111F /* RequestHelper.swift in Sources */ = {isa = PBXBuildFile; fileRef = 09C02C3A1EF6622F00CF111F /* RequestHelper.swift */; };
		09C02C3D1EF6680A00CF111F /* altAPData.json in Resources */ = {isa = PBXBuildFile; fileRef = 09C02C3C1EF6680A00CF111F /* altAPData.json */; };
		09C02C411EF67C6A00CF111F /* PasswordInputPageViewControllerExt.swift in Sources */ = {isa = PBXBuildFile; fileRef = 09C02C401EF67C6A00CF111F /* PasswordInputPageViewControllerExt.swift */; };
		09C02C431EF6BFF900CF111F /* ResponseHelper.swift in Sources */ = {isa = PBXBuildFile; fileRef = 09C02C421EF6BFF900CF111F /* ResponseHelper.swift */; };
		09C02C461EF7763800CF111F /* AuthenticationCompletedPageViewController.swift in Sources */ = {isa = PBXBuildFile; fileRef = 09C02C451EF7763800CF111F /* AuthenticationCompletedPageViewController.swift */; };
		09C02C481EF77A9F00CF111F /* authentication_completed_page_background_avengers.jpg in Resources */ = {isa = PBXBuildFile; fileRef = 09C02C471EF77A9F00CF111F /* authentication_completed_page_background_avengers.jpg */; };
		09C02C4E1EF7818A00CF111F /* check.png in Resources */ = {isa = PBXBuildFile; fileRef = 09C02C4D1EF7818A00CF111F /* check.png */; };
		09C02C501EF79FB200CF111F /* fromPasswordInputPageToAuthenticationCompletedPage.swift in Sources */ = {isa = PBXBuildFile; fileRef = 09C02C4F1EF79FB200CF111F /* fromPasswordInputPageToAuthenticationCompletedPage.swift */; };
		09C02C541EF7ACFE00CF111F /* HomepageViewController.swift in Sources */ = {isa = PBXBuildFile; fileRef = 09C02C531EF7ACFE00CF111F /* HomepageViewController.swift */; };
/* End PBXBuildFile section */

/* Begin PBXContainerItemProxy section */
		09A6EA611EFFC465008BFCBB /* PBXContainerItemProxy */ = {
			isa = PBXContainerItemProxy;
			containerPortal = 09026BB11ED3A4FE0047EEFF /* Project object */;
			proxyType = 1;
			remoteGlobalIDString = 09026BB81ED3A4FE0047EEFF;
			remoteInfo = "mtslash:NEXT";
		};
/* End PBXContainerItemProxy section */

/* Begin PBXFileReference section */
		09026BB91ED3A4FE0047EEFF /* mtslash:NEXT.app */ = {isa = PBXFileReference; explicitFileType = wrapper.application; includeInIndex = 0; path = "mtslash:NEXT.app"; sourceTree = BUILT_PRODUCTS_DIR; };
		09026BBC1ED3A4FE0047EEFF /* AppDelegate.swift */ = {isa = PBXFileReference; lastKnownFileType = sourcecode.swift; path = AppDelegate.swift; sourceTree = "<group>"; };
		09026BBE1ED3A4FE0047EEFF /* CoverPageViewController.swift */ = {isa = PBXFileReference; lastKnownFileType = sourcecode.swift; path = CoverPageViewController.swift; sourceTree = "<group>"; };
		09026BC11ED3A4FE0047EEFF /* Base */ = {isa = PBXFileReference; lastKnownFileType = file.storyboard; name = Base; path = Base.lproj/Main.storyboard; sourceTree = "<group>"; };
		09026BC41ED3A4FE0047EEFF /* mtslash_NEXT.xcdatamodel */ = {isa = PBXFileReference; lastKnownFileType = wrapper.xcdatamodel; path = mtslash_NEXT.xcdatamodel; sourceTree = "<group>"; };
		09026BC61ED3A4FE0047EEFF /* Assets.xcassets */ = {isa = PBXFileReference; lastKnownFileType = folder.assetcatalog; path = Assets.xcassets; sourceTree = "<group>"; };
		09026BC91ED3A4FE0047EEFF /* Base */ = {isa = PBXFileReference; lastKnownFileType = file.storyboard; name = Base; path = Base.lproj/LaunchScreen.storyboard; sourceTree = "<group>"; };
		09026BCB1ED3A4FE0047EEFF /* Info.plist */ = {isa = PBXFileReference; lastKnownFileType = text.plist.xml; path = Info.plist; sourceTree = "<group>"; };
		09026BD21ED3C1AD0047EEFF /* slash_full.png */ = {isa = PBXFileReference; lastKnownFileType = image.png; path = slash_full.png; sourceTree = "<group>"; };
		09026BD41ED3C1F60047EEFF /* Credits */ = {isa = PBXFileReference; fileEncoding = 4; lastKnownFileType = text; path = Credits; sourceTree = "<group>"; };
		091174701ED51004009052A7 /* UserCredentials.swift */ = {isa = PBXFileReference; fileEncoding = 4; lastKnownFileType = sourcecode.swift; path = UserCredentials.swift; sourceTree = "<group>"; };
		091174721ED519A2009052A7 /* DocumentViewerHelper.swift */ = {isa = PBXFileReference; fileEncoding = 4; lastKnownFileType = sourcecode.swift; path = DocumentViewerHelper.swift; sourceTree = "<group>"; };
		091174741ED523E3009052A7 /* fromPasswordInputPageToUsernameInputPage.swift */ = {isa = PBXFileReference; fileEncoding = 4; lastKnownFileType = sourcecode.swift; path = fromPasswordInputPageToUsernameInputPage.swift; sourceTree = "<group>"; };
		095D89F81ED3C97700C18B4C /* coverImage.jpg */ = {isa = PBXFileReference; lastKnownFileType = image.jpeg; path = coverImage.jpg; sourceTree = "<group>"; };
		095D89FA1ED3D40100C18B4C /* UsernameInputPageViewController.swift */ = {isa = PBXFileReference; fileEncoding = 4; lastKnownFileType = sourcecode.swift; path = UsernameInputPageViewController.swift; sourceTree = "<group>"; };
		095D89FC1ED3E44600C18B4C /* username_input_page_background_st.jpg */ = {isa = PBXFileReference; lastKnownFileType = image.jpeg; path = username_input_page_background_st.jpg; sourceTree = "<group>"; };
		095D89FE1ED3E4D900C18B4C /* id_card.png */ = {isa = PBXFileReference; lastKnownFileType = image.png; path = id_card.png; sourceTree = "<group>"; };
		095D8A011ED3E6D000C18B4C /* fromCoverPageToUsernameInputPage.swift */ = {isa = PBXFileReference; fileEncoding = 4; lastKnownFileType = sourcecode.swift; path = fromCoverPageToUsernameInputPage.swift; sourceTree = "<group>"; };
		095D8A031ED3F48800C18B4C /* password_input_page_background_sherlock.jpg */ = {isa = PBXFileReference; lastKnownFileType = image.jpeg; path = password_input_page_background_sherlock.jpg; sourceTree = "<group>"; };
		095D8A051ED3F67B00C18B4C /* PasswordInputPageViewController.swift */ = {isa = PBXFileReference; fileEncoding = 4; lastKnownFileType = sourcecode.swift; path = PasswordInputPageViewController.swift; sourceTree = "<group>"; };
		095D8A071ED3FC3D00C18B4C /* password.png */ = {isa = PBXFileReference; lastKnownFileType = image.png; path = password.png; sourceTree = "<group>"; };
		095D8A091ED4C3B700C18B4C /* fromUsernameInputPageToPasswordInputPage.swift */ = {isa = PBXFileReference; fileEncoding = 4; lastKnownFileType = sourcecode.swift; path = fromUsernameInputPageToPasswordInputPage.swift; sourceTree = "<group>"; };
		095D8A0B1ED4D3A700C18B4C /* WebDocumentPageViewController.swift */ = {isa = PBXFileReference; fileEncoding = 4; lastKnownFileType = sourcecode.swift; path = WebDocumentPageViewController.swift; sourceTree = "<group>"; };
		09887DE91EF90B46002D3FDC /* homepage_background_protostar.jpg */ = {isa = PBXFileReference; lastKnownFileType = image.jpeg; path = homepage_background_protostar.jpg; sourceTree = "<group>"; };
		09887DEC1EFAE101002D3FDC /* the_flash_panel.jpg */ = {isa = PBXFileReference; lastKnownFileType = image.jpeg; path = the_flash_panel.jpg; sourceTree = "<group>"; };
		09887DED1EFAE101002D3FDC /* doctor_who_panel.jpg */ = {isa = PBXFileReference; lastKnownFileType = image.jpeg; path = doctor_who_panel.jpg; sourceTree = "<group>"; };
		09887DEE1EFAE101002D3FDC /* h5o_panel.jpg */ = {isa = PBXFileReference; lastKnownFileType = image.jpeg; path = h5o_panel.jpg; sourceTree = "<group>"; };
		09887DEF1EFAE101002D3FDC /* teen_wolf_panel.jpg */ = {isa = PBXFileReference; lastKnownFileType = image.jpeg; path = teen_wolf_panel.jpg; sourceTree = "<group>"; };
		09887DF01EFAE101002D3FDC /* white_collar_panel.jpg */ = {isa = PBXFileReference; lastKnownFileType = image.jpeg; path = white_collar_panel.jpg; sourceTree = "<group>"; };
		09887DF11EFAE101002D3FDC /* house_panel.jpg */ = {isa = PBXFileReference; lastKnownFileType = image.jpeg; path = house_panel.jpg; sourceTree = "<group>"; };
		09887DF21EFAE101002D3FDC /* hannibal_panel.jpg */ = {isa = PBXFileReference; lastKnownFileType = image.jpeg; path = hannibal_panel.jpg; sourceTree = "<group>"; };
		09887DF31EFAE101002D3FDC /* poi_panel.jpg */ = {isa = PBXFileReference; lastKnownFileType = image.jpeg; path = poi_panel.jpg; sourceTree = "<group>"; };
		09887DF41EFAE101002D3FDC /* common_law_panel.jpg */ = {isa = PBXFileReference; lastKnownFileType = image.jpeg; path = common_law_panel.jpg; sourceTree = "<group>"; };
		09887DF51EFAE101002D3FDC /* suits_panel.jpg */ = {isa = PBXFileReference; lastKnownFileType = image.jpeg; path = suits_panel.jpg; sourceTree = "<group>"; };
		09887DF61EFAE101002D3FDC /* merlin_panel.jpg */ = {isa = PBXFileReference; lastKnownFileType = image.jpeg; path = merlin_panel.jpg; sourceTree = "<group>"; };
		09887E021EFAE110002D3FDC /* NCIS_panel.jpg */ = {isa = PBXFileReference; lastKnownFileType = image.jpeg; path = NCIS_panel.jpg; sourceTree = "<group>"; };
		09887E031EFAE110002D3FDC /* SPN_panel.jpg */ = {isa = PBXFileReference; lastKnownFileType = image.jpeg; path = SPN_panel.jpg; sourceTree = "<group>"; };
		09887E041EFAE110002D3FDC /* CSI_panel.jpg */ = {isa = PBXFileReference; lastKnownFileType = image.jpeg; path = CSI_panel.jpg; sourceTree = "<group>"; };
		09887E051EFAE110002D3FDC /* elementary_panel.jpg */ = {isa = PBXFileReference; lastKnownFileType = image.jpeg; path = elementary_panel.jpg; sourceTree = "<group>"; };
		09887E061EFAE110002D3FDC /* sherlock_holmes_movie_panel.jpg */ = {isa = PBXFileReference; lastKnownFileType = image.jpeg; path = sherlock_holmes_movie_panel.jpg; sourceTree = "<group>"; };
		09887E071EFAE110002D3FDC /* sherlock_holmes_books_panel.jpg */ = {isa = PBXFileReference; lastKnownFileType = image.jpeg; path = sherlock_holmes_books_panel.jpg; sourceTree = "<group>"; };
		09887E081EFAE110002D3FDC /* sherlock_tv_2010_panel.jpg */ = {isa = PBXFileReference; lastKnownFileType = image.jpeg; path = sherlock_tv_2010_panel.jpg; sourceTree = "<group>"; };
		09887E091EFAE110002D3FDC /* star_wars_panel.jpg */ = {isa = PBXFileReference; lastKnownFileType = image.jpeg; path = star_wars_panel.jpg; sourceTree = "<group>"; };
		09887E0A1EFAE110002D3FDC /* WOW_panel.jpg */ = {isa = PBXFileReference; lastKnownFileType = image.jpeg; path = WOW_panel.jpg; sourceTree = "<group>"; };
		09887E0B1EFAE110002D3FDC /* the_man_from_uncle_panel.jpg */ = {isa = PBXFileReference; lastKnownFileType = image.jpeg; path = the_man_from_uncle_panel.jpg; sourceTree = "<group>"; };
		09887E0C1EFAE110002D3FDC /* les_miserables_panel.jpg */ = {isa = PBXFileReference; lastKnownFileType = image.jpeg; path = les_miserables_panel.jpg; sourceTree = "<group>"; };
		09887E0D1EFAE110002D3FDC /* kingsman_panel.jpg */ = {isa = PBXFileReference; lastKnownFileType = image.jpeg; path = kingsman_panel.jpg; sourceTree = "<group>"; };
		09887E0E1EFAE110002D3FDC /* spider_man_panel.jpg */ = {isa = PBXFileReference; lastKnownFileType = image.jpeg; path = spider_man_panel.jpg; sourceTree = "<group>"; };
		09887E0F1EFAE110002D3FDC /* HP_panel.jpg */ = {isa = PBXFileReference; lastKnownFileType = image.jpeg; path = HP_panel.jpg; sourceTree = "<group>"; };
		09887E101EFAE110002D3FDC /* pacific_rim_panel.jpg */ = {isa = PBXFileReference; lastKnownFileType = image.jpeg; path = pacific_rim_panel.jpg; sourceTree = "<group>"; };
		09887E111EFAE110002D3FDC /* tolkien_panel.jpg */ = {isa = PBXFileReference; lastKnownFileType = image.jpeg; path = tolkien_panel.jpg; sourceTree = "<group>"; };
		09887E121EFAE110002D3FDC /* 007_panel.jpg */ = {isa = PBXFileReference; lastKnownFileType = image.jpeg; path = 007_panel.jpg; sourceTree = "<group>"; };
		09887E131EFAE110002D3FDC /* star_trek_panel.jpg */ = {isa = PBXFileReference; lastKnownFileType = image.jpeg; path = star_trek_panel.jpg; sourceTree = "<group>"; };
		09887E141EFAE110002D3FDC /* mission_impossible_panel.jpg */ = {isa = PBXFileReference; lastKnownFileType = image.jpeg; path = mission_impossible_panel.jpg; sourceTree = "<group>"; };
		09887E151EFAE110002D3FDC /* x_men_panel.jpg */ = {isa = PBXFileReference; lastKnownFileType = image.jpeg; path = x_men_panel.jpg; sourceTree = "<group>"; };
		09887E161EFAE110002D3FDC /* TSN_panel.jpg */ = {isa = PBXFileReference; lastKnownFileType = image.jpeg; path = TSN_panel.jpg; sourceTree = "<group>"; };
		09887E171EFAE110002D3FDC /* inception_panel.jpg */ = {isa = PBXFileReference; lastKnownFileType = image.jpeg; path = inception_panel.jpg; sourceTree = "<group>"; };
		09887E181EFAE110002D3FDC /* DC_panel.jpg */ = {isa = PBXFileReference; lastKnownFileType = image.jpeg; path = DC_panel.jpg; sourceTree = "<group>"; };
		09887E191EFAE110002D3FDC /* doctor_strange_panel.jpg */ = {isa = PBXFileReference; lastKnownFileType = image.jpeg; path = doctor_strange_panel.jpg; sourceTree = "<group>"; };
		09887E1A1EFAE110002D3FDC /* hulk_panel.jpg */ = {isa = PBXFileReference; lastKnownFileType = image.jpeg; path = hulk_panel.jpg; sourceTree = "<group>"; };
		09887E1B1EFAE110002D3FDC /* antman_panel.jpg */ = {isa = PBXFileReference; lastKnownFileType = image.jpeg; path = antman_panel.jpg; sourceTree = "<group>"; };
		09887E1C1EFAE110002D3FDC /* guardians_of_the_galaxy_panel.jpg */ = {isa = PBXFileReference; lastKnownFileType = image.jpeg; path = guardians_of_the_galaxy_panel.jpg; sourceTree = "<group>"; };
		09887E1D1EFAE110002D3FDC /* captain_america_panel.jpg */ = {isa = PBXFileReference; lastKnownFileType = image.jpeg; path = captain_america_panel.jpg; sourceTree = "<group>"; };
		09887E1E1EFAE110002D3FDC /* thor_general.jpg */ = {isa = PBXFileReference; lastKnownFileType = image.jpeg; path = thor_general.jpg; sourceTree = "<group>"; };
		09887E1F1EFAE110002D3FDC /* iron_man_panel.jpg */ = {isa = PBXFileReference; lastKnownFileType = image.jpeg; path = iron_man_panel.jpg; sourceTree = "<group>"; };
		09887E201EFAE110002D3FDC /* avengers_panel.jpg */ = {isa = PBXFileReference; lastKnownFileType = image.jpeg; path = avengers_panel.jpg; sourceTree = "<group>"; };
		09887E461EFAF3C7002D3FDC /* SlidingMenuHandler.swift */ = {isa = PBXFileReference; fileEncoding = 4; lastKnownFileType = sourcecode.swift; path = SlidingMenuHandler.swift; sourceTree = "<group>"; };
		09887E481EFAF498002D3FDC /* HomepageBackgroundImageHandler.swift */ = {isa = PBXFileReference; fileEncoding = 4; lastKnownFileType = sourcecode.swift; path = HomepageBackgroundImageHandler.swift; sourceTree = "<group>"; };
		09887E511EFBC4B7002D3FDC /* HomepageViewControllerExtA.swift */ = {isa = PBXFileReference; fileEncoding = 4; lastKnownFileType = sourcecode.swift; path = HomepageViewControllerExtA.swift; sourceTree = "<group>"; };
		09887E531EFBDD7C002D3FDC /* SlidingMenuButton.swift */ = {isa = PBXFileReference; fileEncoding = 4; lastKnownFileType = sourcecode.swift; path = SlidingMenuButton.swift; sourceTree = "<group>"; };
		09887E551EFBE23F002D3FDC /* slidingMenuItems.json */ = {isa = PBXFileReference; fileEncoding = 4; lastKnownFileType = text.json; path = slidingMenuItems.json; sourceTree = "<group>"; };
		09887E571EFC0DA6002D3FDC /* HomepageViewControllerExtB.swift */ = {isa = PBXFileReference; fileEncoding = 4; lastKnownFileType = sourcecode.swift; path = HomepageViewControllerExtB.swift; sourceTree = "<group>"; };
		09A6EA121EFD7ADA008BFCBB /* star_wars_background.jpg */ = {isa = PBXFileReference; lastKnownFileType = image.jpeg; path = star_wars_background.jpg; sourceTree = "<group>"; };
		09A6EA131EFD7ADA008BFCBB /* WOW_background.jpg */ = {isa = PBXFileReference; lastKnownFileType = image.jpeg; path = WOW_background.jpg; sourceTree = "<group>"; };
		09A6EA141EFD7ADA008BFCBB /* the_flash_background.jpg */ = {isa = PBXFileReference; lastKnownFileType = image.jpeg; path = the_flash_background.jpg; sourceTree = "<group>"; };
		09A6EA151EFD7ADA008BFCBB /* the_man_from_uncle_background.jpg */ = {isa = PBXFileReference; lastKnownFileType = image.jpeg; path = the_man_from_uncle_background.jpg; sourceTree = "<group>"; };
		09A6EA161EFD7ADA008BFCBB /* background_mask.png */ = {isa = PBXFileReference; lastKnownFileType = image.png; path = background_mask.png; sourceTree = "<group>"; };
		09A6EA171EFD7ADA008BFCBB /* suits_background.jpg */ = {isa = PBXFileReference; lastKnownFileType = image.jpeg; path = suits_background.jpg; sourceTree = "<group>"; };
		09A6EA181EFD7ADA008BFCBB /* common_law_background.jpg */ = {isa = PBXFileReference; lastKnownFileType = image.jpeg; path = common_law_background.jpg; sourceTree = "<group>"; };
		09A6EA191EFD7ADA008BFCBB /* white_collar_background.jpg */ = {isa = PBXFileReference; lastKnownFileType = image.jpeg; path = white_collar_background.jpg; sourceTree = "<group>"; };
		09A6EA1A1EFD7ADA008BFCBB /* POI_background.jpg */ = {isa = PBXFileReference; lastKnownFileType = image.jpeg; path = POI_background.jpg; sourceTree = "<group>"; };
		09A6EA1B1EFD7ADA008BFCBB /* house_background.jpg */ = {isa = PBXFileReference; lastKnownFileType = image.jpeg; path = house_background.jpg; sourceTree = "<group>"; };
		09A6EA1C1EFD7ADA008BFCBB /* doctor_who_background.jpg */ = {isa = PBXFileReference; lastKnownFileType = image.jpeg; path = doctor_who_background.jpg; sourceTree = "<group>"; };
		09A6EA1D1EFD7ADA008BFCBB /* h5o_background.jpg */ = {isa = PBXFileReference; lastKnownFileType = image.jpeg; path = h5o_background.jpg; sourceTree = "<group>"; };
		09A6EA1E1EFD7ADA008BFCBB /* teen_wolf_background.jpg */ = {isa = PBXFileReference; lastKnownFileType = image.jpeg; path = teen_wolf_background.jpg; sourceTree = "<group>"; };
		09A6EA1F1EFD7ADA008BFCBB /* merlin_background.jpg */ = {isa = PBXFileReference; lastKnownFileType = image.jpeg; path = merlin_background.jpg; sourceTree = "<group>"; };
		09A6EA201EFD7ADA008BFCBB /* NCIS_background.jpg */ = {isa = PBXFileReference; lastKnownFileType = image.jpeg; path = NCIS_background.jpg; sourceTree = "<group>"; };
		09A6EA211EFD7ADA008BFCBB /* SPN_background.jpg */ = {isa = PBXFileReference; lastKnownFileType = image.jpeg; path = SPN_background.jpg; sourceTree = "<group>"; };
		09A6EA221EFD7ADA008BFCBB /* sherlock_background.jpg */ = {isa = PBXFileReference; lastKnownFileType = image.jpeg; path = sherlock_background.jpg; sourceTree = "<group>"; };
		09A6EA231EFD7ADA008BFCBB /* CSI_background.jpg */ = {isa = PBXFileReference; lastKnownFileType = image.jpeg; path = CSI_background.jpg; sourceTree = "<group>"; };
		09A6EA241EFD7ADA008BFCBB /* les_miserables_background.jpg */ = {isa = PBXFileReference; lastKnownFileType = image.jpeg; path = les_miserables_background.jpg; sourceTree = "<group>"; };
		09A6EA251EFD7ADA008BFCBB /* spider_man_background.jpg */ = {isa = PBXFileReference; lastKnownFileType = image.jpeg; path = spider_man_background.jpg; sourceTree = "<group>"; };
		09A6EA261EFD7ADA008BFCBB /* harry_potter_background.jpg */ = {isa = PBXFileReference; lastKnownFileType = image.jpeg; path = harry_potter_background.jpg; sourceTree = "<group>"; };
		09A6EA271EFD7ADA008BFCBB /* pacific_rim_background.jpg */ = {isa = PBXFileReference; lastKnownFileType = image.jpeg; path = pacific_rim_background.jpg; sourceTree = "<group>"; };
		09A6EA281EFD7ADA008BFCBB /* tolkien_background.jpg */ = {isa = PBXFileReference; lastKnownFileType = image.jpeg; path = tolkien_background.jpg; sourceTree = "<group>"; };
		09A6EA291EFD7ADA008BFCBB /* 007_background.jpg */ = {isa = PBXFileReference; lastKnownFileType = image.jpeg; path = 007_background.jpg; sourceTree = "<group>"; };
		09A6EA2A1EFD7ADA008BFCBB /* star_trek_background.jpg */ = {isa = PBXFileReference; lastKnownFileType = image.jpeg; path = star_trek_background.jpg; sourceTree = "<group>"; };
		09A6EA2B1EFD7ADA008BFCBB /* mission_impossible_background.jpg */ = {isa = PBXFileReference; lastKnownFileType = image.jpeg; path = mission_impossible_background.jpg; sourceTree = "<group>"; };
		09A6EA2C1EFD7ADA008BFCBB /* x_men_background.jpg */ = {isa = PBXFileReference; lastKnownFileType = image.jpeg; path = x_men_background.jpg; sourceTree = "<group>"; };
		09A6EA2D1EFD7ADA008BFCBB /* TSN_background.jpg */ = {isa = PBXFileReference; lastKnownFileType = image.jpeg; path = TSN_background.jpg; sourceTree = "<group>"; };
		09A6EA2E1EFD7ADA008BFCBB /* inception_background.jpg */ = {isa = PBXFileReference; lastKnownFileType = image.jpeg; path = inception_background.jpg; sourceTree = "<group>"; };
		09A6EA2F1EFD7ADA008BFCBB /* DC_background.jpg */ = {isa = PBXFileReference; lastKnownFileType = image.jpeg; path = DC_background.jpg; sourceTree = "<group>"; };
		09A6EA301EFD7ADA008BFCBB /* avengers_background.jpg */ = {isa = PBXFileReference; lastKnownFileType = image.jpeg; path = avengers_background.jpg; sourceTree = "<group>"; };
		09A6EA311EFD7ADA008BFCBB /* kingsman_background.jpg */ = {isa = PBXFileReference; lastKnownFileType = image.jpeg; path = kingsman_background.jpg; sourceTree = "<group>"; };
		09A6EA321EFD7ADA008BFCBB /* hannibal_background.jpg */ = {isa = PBXFileReference; lastKnownFileType = image.jpeg; path = hannibal_background.jpg; sourceTree = "<group>"; };
		09A6EA541EFF95B4008BFCBB /* sections.json */ = {isa = PBXFileReference; fileEncoding = 4; lastKnownFileType = text.json; path = sections.json; sourceTree = "<group>"; };
		09A6EA561EFFA348008BFCBB /* Sections.swift */ = {isa = PBXFileReference; fileEncoding = 4; lastKnownFileType = sourcecode.swift; path = Sections.swift; sourceTree = "<group>"; };
		09A6EA5C1EFFC465008BFCBB /* mtslash:NEXT_Tests.xctest */ = {isa = PBXFileReference; explicitFileType = wrapper.cfbundle; includeInIndex = 0; path = "mtslash:NEXT_Tests.xctest"; sourceTree = BUILT_PRODUCTS_DIR; };
		09A6EA5E1EFFC465008BFCBB /* mtslash_NEXT_Tests.swift */ = {isa = PBXFileReference; lastKnownFileType = sourcecode.swift; path = mtslash_NEXT_Tests.swift; sourceTree = "<group>"; };
		09A6EA601EFFC465008BFCBB /* Info.plist */ = {isa = PBXFileReference; lastKnownFileType = text.plist.xml; path = Info.plist; sourceTree = "<group>"; };
		09A6EA661EFFC84C008BFCBB /* homepage_Mask.png */ = {isa = PBXFileReference; lastKnownFileType = image.png; path = homepage_Mask.png; sourceTree = "<group>"; };
		09C02C311EF5836F00CF111F /* AccessPoints.swift */ = {isa = PBXFileReference; fileEncoding = 4; lastKnownFileType = sourcecode.swift; path = AccessPoints.swift; sourceTree = "<group>"; };
		09C02C341EF6256500CF111F /* stdAPData.json */ = {isa = PBXFileReference; fileEncoding = 4; lastKnownFileType = text.json; path = stdAPData.json; sourceTree = "<group>"; };
		09C02C3A1EF6622F00CF111F /* RequestHelper.swift */ = {isa = PBXFileReference; fileEncoding = 4; lastKnownFileType = sourcecode.swift; path = RequestHelper.swift; sourceTree = "<group>"; };
		09C02C3C1EF6680A00CF111F /* altAPData.json */ = {isa = PBXFileReference; fileEncoding = 4; lastKnownFileType = text.json; path = altAPData.json; sourceTree = "<group>"; };
		09C02C401EF67C6A00CF111F /* PasswordInputPageViewControllerExt.swift */ = {isa = PBXFileReference; fileEncoding = 4; lastKnownFileType = sourcecode.swift; path = PasswordInputPageViewControllerExt.swift; sourceTree = "<group>"; };
		09C02C421EF6BFF900CF111F /* ResponseHelper.swift */ = {isa = PBXFileReference; fileEncoding = 4; lastKnownFileType = sourcecode.swift; path = ResponseHelper.swift; sourceTree = "<group>"; };
		09C02C451EF7763800CF111F /* AuthenticationCompletedPageViewController.swift */ = {isa = PBXFileReference; fileEncoding = 4; lastKnownFileType = sourcecode.swift; path = AuthenticationCompletedPageViewController.swift; sourceTree = "<group>"; };
		09C02C471EF77A9F00CF111F /* authentication_completed_page_background_avengers.jpg */ = {isa = PBXFileReference; lastKnownFileType = image.jpeg; path = authentication_completed_page_background_avengers.jpg; sourceTree = "<group>"; };
		09C02C4D1EF7818A00CF111F /* check.png */ = {isa = PBXFileReference; lastKnownFileType = image.png; path = check.png; sourceTree = "<group>"; };
		09C02C4F1EF79FB200CF111F /* fromPasswordInputPageToAuthenticationCompletedPage.swift */ = {isa = PBXFileReference; fileEncoding = 4; lastKnownFileType = sourcecode.swift; path = fromPasswordInputPageToAuthenticationCompletedPage.swift; sourceTree = "<group>"; };
		09C02C531EF7ACFE00CF111F /* HomepageViewController.swift */ = {isa = PBXFileReference; fileEncoding = 4; lastKnownFileType = sourcecode.swift; path = HomepageViewController.swift; sourceTree = "<group>"; };
/* End PBXFileReference section */

/* Begin PBXFrameworksBuildPhase section */
		09026BB61ED3A4FE0047EEFF /* Frameworks */ = {
			isa = PBXFrameworksBuildPhase;
			buildActionMask = 2147483647;
			files = (
			);
			runOnlyForDeploymentPostprocessing = 0;
		};
		09A6EA591EFFC465008BFCBB /* Frameworks */ = {
			isa = PBXFrameworksBuildPhase;
			buildActionMask = 2147483647;
			files = (
			);
			runOnlyForDeploymentPostprocessing = 0;
		};
/* End PBXFrameworksBuildPhase section */

/* Begin PBXGroup section */
		09026BB01ED3A4FE0047EEFF = {
			isa = PBXGroup;
			children = (
				09026BBB1ED3A4FE0047EEFF /* mtslash:NEXT */,
				09A6EA5D1EFFC465008BFCBB /* mtslash:NEXT_Tests */,
				09026BBA1ED3A4FE0047EEFF /* Products */,
			);
			sourceTree = "<group>";
		};
		09026BBA1ED3A4FE0047EEFF /* Products */ = {
			isa = PBXGroup;
			children = (
				09026BB91ED3A4FE0047EEFF /* mtslash:NEXT.app */,
				09A6EA5C1EFFC465008BFCBB /* mtslash:NEXT_Tests.xctest */,
			);
			name = Products;
			sourceTree = "<group>";
		};
		09026BBB1ED3A4FE0047EEFF /* mtslash:NEXT */ = {
			isa = PBXGroup;
			children = (
				09026BC01ED3A4FE0047EEFF /* Main.storyboard */,
				09C02C331EF585BE00CF111F /* Data */,
				0911746D1ED50C76009052A7 /* Misc */,
				09026BD11ED3C03B0047EEFF /* Res */,
				09026BBC1ED3A4FE0047EEFF /* AppDelegate.swift */,
				09C02C441EF7755A00CF111F /* ViewControllers (Startup) */,
				09C02C521EF7ACD800CF111F /* ViewControllers (Core) */,
				095D8A001ED3E6B900C18B4C /* Custom Segues */,
				09026BC61ED3A4FE0047EEFF /* Assets.xcassets */,
				09026BC81ED3A4FE0047EEFF /* LaunchScreen.storyboard */,
				09026BCB1ED3A4FE0047EEFF /* Info.plist */,
				09026BC31ED3A4FE0047EEFF /* mtslash_NEXT.xcdatamodeld */,
				09026BD41ED3C1F60047EEFF /* Credits */,
			);
			path = "mtslash:NEXT";
			sourceTree = "<group>";
		};
		09026BD11ED3C03B0047EEFF /* Res */ = {
			isa = PBXGroup;
			children = (
				09887DEB1EFAC4D4002D3FDC /* Panel Backgrounds */,
				09C02C4B1EF77F2600CF111F /* Icons */,
				09C02C4C1EF77F3500CF111F /* Backgrounds */,
			);
			name = Res;
			sourceTree = "<group>";
		};
		0911746D1ED50C76009052A7 /* Misc */ = {
			isa = PBXGroup;
			children = (
				091174701ED51004009052A7 /* UserCredentials.swift */,
				09C02C3A1EF6622F00CF111F /* RequestHelper.swift */,
				09C02C421EF6BFF900CF111F /* ResponseHelper.swift */,
				09C02C311EF5836F00CF111F /* AccessPoints.swift */,
				091174721ED519A2009052A7 /* DocumentViewerHelper.swift */,
				09A6EA561EFFA348008BFCBB /* Sections.swift */,
			);
			name = Misc;
			sourceTree = "<group>";
		};
		095D8A001ED3E6B900C18B4C /* Custom Segues */ = {
			isa = PBXGroup;
			children = (
				095D8A011ED3E6D000C18B4C /* fromCoverPageToUsernameInputPage.swift */,
				095D8A091ED4C3B700C18B4C /* fromUsernameInputPageToPasswordInputPage.swift */,
				091174741ED523E3009052A7 /* fromPasswordInputPageToUsernameInputPage.swift */,
				09C02C4F1EF79FB200CF111F /* fromPasswordInputPageToAuthenticationCompletedPage.swift */,
			);
			name = "Custom Segues";
			sourceTree = "<group>";
		};
		09887DEB1EFAC4D4002D3FDC /* Panel Backgrounds */ = {
			isa = PBXGroup;
			children = (
				09887DEC1EFAE101002D3FDC /* the_flash_panel.jpg */,
				09887DED1EFAE101002D3FDC /* doctor_who_panel.jpg */,
				09887DEE1EFAE101002D3FDC /* h5o_panel.jpg */,
				09887DEF1EFAE101002D3FDC /* teen_wolf_panel.jpg */,
				09887DF01EFAE101002D3FDC /* white_collar_panel.jpg */,
				09887DF11EFAE101002D3FDC /* house_panel.jpg */,
				09887DF21EFAE101002D3FDC /* hannibal_panel.jpg */,
				09887DF31EFAE101002D3FDC /* poi_panel.jpg */,
				09887DF41EFAE101002D3FDC /* common_law_panel.jpg */,
				09887DF51EFAE101002D3FDC /* suits_panel.jpg */,
				09887DF61EFAE101002D3FDC /* merlin_panel.jpg */,
				09887E021EFAE110002D3FDC /* NCIS_panel.jpg */,
				09887E031EFAE110002D3FDC /* SPN_panel.jpg */,
				09887E041EFAE110002D3FDC /* CSI_panel.jpg */,
				09887E051EFAE110002D3FDC /* elementary_panel.jpg */,
				09887E061EFAE110002D3FDC /* sherlock_holmes_movie_panel.jpg */,
				09887E071EFAE110002D3FDC /* sherlock_holmes_books_panel.jpg */,
				09887E081EFAE110002D3FDC /* sherlock_tv_2010_panel.jpg */,
				09887E091EFAE110002D3FDC /* star_wars_panel.jpg */,
				09887E0A1EFAE110002D3FDC /* WOW_panel.jpg */,
				09887E0B1EFAE110002D3FDC /* the_man_from_uncle_panel.jpg */,
				09887E0C1EFAE110002D3FDC /* les_miserables_panel.jpg */,
				09887E0D1EFAE110002D3FDC /* kingsman_panel.jpg */,
				09887E0E1EFAE110002D3FDC /* spider_man_panel.jpg */,
				09887E0F1EFAE110002D3FDC /* HP_panel.jpg */,
				09887E101EFAE110002D3FDC /* pacific_rim_panel.jpg */,
				09887E111EFAE110002D3FDC /* tolkien_panel.jpg */,
				09887E121EFAE110002D3FDC /* 007_panel.jpg */,
				09887E131EFAE110002D3FDC /* star_trek_panel.jpg */,
				09887E141EFAE110002D3FDC /* mission_impossible_panel.jpg */,
				09887E151EFAE110002D3FDC /* x_men_panel.jpg */,
				09887E161EFAE110002D3FDC /* TSN_panel.jpg */,
				09887E171EFAE110002D3FDC /* inception_panel.jpg */,
				09887E181EFAE110002D3FDC /* DC_panel.jpg */,
				09887E191EFAE110002D3FDC /* doctor_strange_panel.jpg */,
				09887E1A1EFAE110002D3FDC /* hulk_panel.jpg */,
				09887E1B1EFAE110002D3FDC /* antman_panel.jpg */,
				09887E1C1EFAE110002D3FDC /* guardians_of_the_galaxy_panel.jpg */,
				09887E1D1EFAE110002D3FDC /* captain_america_panel.jpg */,
				09887E1E1EFAE110002D3FDC /* thor_general.jpg */,
				09887E1F1EFAE110002D3FDC /* iron_man_panel.jpg */,
				09887E201EFAE110002D3FDC /* avengers_panel.jpg */,
			);
			name = "Panel Backgrounds";
			sourceTree = "<group>";
		};
		09887E451EFAF3B6002D3FDC /* Handlers */ = {
			isa = PBXGroup;
			children = (
				09887E461EFAF3C7002D3FDC /* SlidingMenuHandler.swift */,
				09887E481EFAF498002D3FDC /* HomepageBackgroundImageHandler.swift */,
			);
			name = Handlers;
			sourceTree = "<group>";
		};
		09887E4C1EFBBD21002D3FDC /* Custom Views */ = {
			isa = PBXGroup;
			children = (
				09887E531EFBDD7C002D3FDC /* SlidingMenuButton.swift */,
			);
			name = "Custom Views";
			sourceTree = "<group>";
		};
		09A6EA111EFD7AC5008BFCBB /* Section Backgrounds */ = {
			isa = PBXGroup;
			children = (
				09A6EA121EFD7ADA008BFCBB /* star_wars_background.jpg */,
				09A6EA131EFD7ADA008BFCBB /* WOW_background.jpg */,
				09A6EA141EFD7ADA008BFCBB /* the_flash_background.jpg */,
				09A6EA151EFD7ADA008BFCBB /* the_man_from_uncle_background.jpg */,
				09A6EA161EFD7ADA008BFCBB /* background_mask.png */,
				09A6EA171EFD7ADA008BFCBB /* suits_background.jpg */,
				09A6EA181EFD7ADA008BFCBB /* common_law_background.jpg */,
				09A6EA191EFD7ADA008BFCBB /* white_collar_background.jpg */,
				09A6EA1A1EFD7ADA008BFCBB /* POI_background.jpg */,
				09A6EA1B1EFD7ADA008BFCBB /* house_background.jpg */,
				09A6EA1C1EFD7ADA008BFCBB /* doctor_who_background.jpg */,
				09A6EA1D1EFD7ADA008BFCBB /* h5o_background.jpg */,
				09A6EA1E1EFD7ADA008BFCBB /* teen_wolf_background.jpg */,
				09A6EA1F1EFD7ADA008BFCBB /* merlin_background.jpg */,
				09A6EA201EFD7ADA008BFCBB /* NCIS_background.jpg */,
				09A6EA211EFD7ADA008BFCBB /* SPN_background.jpg */,
				09A6EA221EFD7ADA008BFCBB /* sherlock_background.jpg */,
				09A6EA231EFD7ADA008BFCBB /* CSI_background.jpg */,
				09A6EA241EFD7ADA008BFCBB /* les_miserables_background.jpg */,
				09A6EA251EFD7ADA008BFCBB /* spider_man_background.jpg */,
				09A6EA261EFD7ADA008BFCBB /* harry_potter_background.jpg */,
				09A6EA271EFD7ADA008BFCBB /* pacific_rim_background.jpg */,
				09A6EA281EFD7ADA008BFCBB /* tolkien_background.jpg */,
				09A6EA291EFD7ADA008BFCBB /* 007_background.jpg */,
				09A6EA2A1EFD7ADA008BFCBB /* star_trek_background.jpg */,
				09A6EA2B1EFD7ADA008BFCBB /* mission_impossible_background.jpg */,
				09A6EA2C1EFD7ADA008BFCBB /* x_men_background.jpg */,
				09A6EA2D1EFD7ADA008BFCBB /* TSN_background.jpg */,
				09A6EA2E1EFD7ADA008BFCBB /* inception_background.jpg */,
				09A6EA2F1EFD7ADA008BFCBB /* DC_background.jpg */,
				09A6EA301EFD7ADA008BFCBB /* avengers_background.jpg */,
				09A6EA311EFD7ADA008BFCBB /* kingsman_background.jpg */,
				09A6EA321EFD7ADA008BFCBB /* hannibal_background.jpg */,
			);
			name = "Section Backgrounds";
			sourceTree = "<group>";
		};
		09A6EA5D1EFFC465008BFCBB /* mtslash:NEXT_Tests */ = {
			isa = PBXGroup;
			children = (
				09A6EA5E1EFFC465008BFCBB /* mtslash_NEXT_Tests.swift */,
				09A6EA601EFFC465008BFCBB /* Info.plist */,
			);
			path = "mtslash:NEXT_Tests";
			sourceTree = "<group>";
		};
		09A6EA681EFFC84F008BFCBB /* Masks */ = {
			isa = PBXGroup;
			children = (
				09A6EA661EFFC84C008BFCBB /* homepage_Mask.png */,
			);
			name = Masks;
			sourceTree = "<group>";
		};
		09C02C331EF585BE00CF111F /* Data */ = {
			isa = PBXGroup;
			children = (
				09C02C341EF6256500CF111F /* stdAPData.json */,
				09C02C3C1EF6680A00CF111F /* altAPData.json */,
				09887E551EFBE23F002D3FDC /* slidingMenuItems.json */,
				09A6EA541EFF95B4008BFCBB /* sections.json */,
			);
			name = Data;
			sourceTree = "<group>";
		};
		09C02C441EF7755A00CF111F /* ViewControllers (Startup) */ = {
			isa = PBXGroup;
			children = (
				09026BBE1ED3A4FE0047EEFF /* CoverPageViewController.swift */,
				095D89FA1ED3D40100C18B4C /* UsernameInputPageViewController.swift */,
				095D8A051ED3F67B00C18B4C /* PasswordInputPageViewController.swift */,
				09C02C401EF67C6A00CF111F /* PasswordInputPageViewControllerExt.swift */,
				095D8A0B1ED4D3A700C18B4C /* WebDocumentPageViewController.swift */,
				09C02C451EF7763800CF111F /* AuthenticationCompletedPageViewController.swift */,
			);
			name = "ViewControllers (Startup)";
			sourceTree = "<group>";
		};
		09C02C4B1EF77F2600CF111F /* Icons */ = {
			isa = PBXGroup;
			children = (
				09026BD21ED3C1AD0047EEFF /* slash_full.png */,
				095D89FE1ED3E4D900C18B4C /* id_card.png */,
				095D8A071ED3FC3D00C18B4C /* password.png */,
				09C02C4D1EF7818A00CF111F /* check.png */,
			);
			name = Icons;
			sourceTree = "<group>";
		};
		09C02C4C1EF77F3500CF111F /* Backgrounds */ = {
			isa = PBXGroup;
			children = (
				095D89F81ED3C97700C18B4C /* coverImage.jpg */,
				095D89FC1ED3E44600C18B4C /* username_input_page_background_st.jpg */,
				095D8A031ED3F48800C18B4C /* password_input_page_background_sherlock.jpg */,
				09C02C471EF77A9F00CF111F /* authentication_completed_page_background_avengers.jpg */,
				09887DE91EF90B46002D3FDC /* homepage_background_protostar.jpg */,
				09A6EA681EFFC84F008BFCBB /* Masks */,
				09A6EA111EFD7AC5008BFCBB /* Section Backgrounds */,
			);
			name = Backgrounds;
			sourceTree = "<group>";
		};
		09C02C521EF7ACD800CF111F /* ViewControllers (Core) */ = {
			isa = PBXGroup;
			children = (
				09887E4C1EFBBD21002D3FDC /* Custom Views */,
				09887E451EFAF3B6002D3FDC /* Handlers */,
				09C02C531EF7ACFE00CF111F /* HomepageViewController.swift */,
				09887E511EFBC4B7002D3FDC /* HomepageViewControllerExtA.swift */,
				09887E571EFC0DA6002D3FDC /* HomepageViewControllerExtB.swift */,
			);
			name = "ViewControllers (Core)";
			sourceTree = "<group>";
		};
/* End PBXGroup section */

/* Begin PBXNativeTarget section */
		09026BB81ED3A4FE0047EEFF /* mtslash:NEXT */ = {
			isa = PBXNativeTarget;
			buildConfigurationList = 09026BCE1ED3A4FE0047EEFF /* Build configuration list for PBXNativeTarget "mtslash:NEXT" */;
			buildPhases = (
				09026BB51ED3A4FE0047EEFF /* Sources */,
				09026BB61ED3A4FE0047EEFF /* Frameworks */,
				09026BB71ED3A4FE0047EEFF /* Resources */,
			);
			buildRules = (
			);
			dependencies = (
			);
			name = "mtslash:NEXT";
			productName = "mtslash:NEXT";
			productReference = 09026BB91ED3A4FE0047EEFF /* mtslash:NEXT.app */;
			productType = "com.apple.product-type.application";
		};
		09A6EA5B1EFFC465008BFCBB /* mtslash:NEXT_Tests */ = {
			isa = PBXNativeTarget;
			buildConfigurationList = 09A6EA631EFFC465008BFCBB /* Build configuration list for PBXNativeTarget "mtslash:NEXT_Tests" */;
			buildPhases = (
				09A6EA581EFFC465008BFCBB /* Sources */,
				09A6EA591EFFC465008BFCBB /* Frameworks */,
				09A6EA5A1EFFC465008BFCBB /* Resources */,
			);
			buildRules = (
			);
			dependencies = (
				09A6EA621EFFC465008BFCBB /* PBXTargetDependency */,
			);
			name = "mtslash:NEXT_Tests";
			productName = "mtslash:NEXT_Tests";
			productReference = 09A6EA5C1EFFC465008BFCBB /* mtslash:NEXT_Tests.xctest */;
			productType = "com.apple.product-type.bundle.unit-test";
		};
/* End PBXNativeTarget section */

/* Begin PBXProject section */
		09026BB11ED3A4FE0047EEFF /* Project object */ = {
			isa = PBXProject;
			attributes = {
				LastSwiftUpdateCheck = 0830;
				LastUpgradeCheck = 0830;
				ORGANIZATIONNAME = Michael.A.W.Yu;
				TargetAttributes = {
					09026BB81ED3A4FE0047EEFF = {
						CreatedOnToolsVersion = 8.3.2;
						DevelopmentTeam = 4Z73D5W9HK;
						ProvisioningStyle = Automatic;
					};
					09A6EA5B1EFFC465008BFCBB = {
						CreatedOnToolsVersion = 8.3.2;
						DevelopmentTeam = 4Z73D5W9HK;
						ProvisioningStyle = Automatic;
						TestTargetID = 09026BB81ED3A4FE0047EEFF;
					};
				};
			};
			buildConfigurationList = 09026BB41ED3A4FE0047EEFF /* Build configuration list for PBXProject "mtslash:NEXT" */;
			compatibilityVersion = "Xcode 3.2";
			developmentRegion = English;
			hasScannedForEncodings = 0;
			knownRegions = (
				en,
				Base,
			);
			mainGroup = 09026BB01ED3A4FE0047EEFF;
			productRefGroup = 09026BBA1ED3A4FE0047EEFF /* Products */;
			projectDirPath = "";
			projectRoot = "";
			targets = (
				09026BB81ED3A4FE0047EEFF /* mtslash:NEXT */,
				09A6EA5B1EFFC465008BFCBB /* mtslash:NEXT_Tests */,
			);
		};
/* End PBXProject section */

/* Begin PBXResourcesBuildPhase section */
		09026BB71ED3A4FE0047EEFF /* Resources */ = {
			isa = PBXResourcesBuildPhase;
			buildActionMask = 2147483647;
			files = (
				09887E2C1EFAE110002D3FDC /* kingsman_panel.jpg in Resources */,
				09A6EA531EFD7ADA008BFCBB /* hannibal_background.jpg in Resources */,
				09A6EA4F1EFD7ADA008BFCBB /* inception_background.jpg in Resources */,
				09A6EA351EFD7ADA008BFCBB /* the_flash_background.jpg in Resources */,
				09887E3F1EFAE110002D3FDC /* avengers_panel.jpg in Resources */,
				09A6EA451EFD7ADA008BFCBB /* les_miserables_background.jpg in Resources */,
				09A6EA3B1EFD7ADA008BFCBB /* POI_background.jpg in Resources */,
				09A6EA4E1EFD7ADA008BFCBB /* TSN_background.jpg in Resources */,
				095D8A041ED3F48900C18B4C /* password_input_page_background_sherlock.jpg in Resources */,
				09887E331EFAE110002D3FDC /* mission_impossible_panel.jpg in Resources */,
				09887E391EFAE110002D3FDC /* hulk_panel.jpg in Resources */,
				09887DFB1EFAE101002D3FDC /* white_collar_panel.jpg in Resources */,
				09887DF81EFAE101002D3FDC /* doctor_who_panel.jpg in Resources */,
				09887E3C1EFAE110002D3FDC /* captain_america_panel.jpg in Resources */,
				09A6EA401EFD7ADA008BFCBB /* merlin_background.jpg in Resources */,
				09026BCA1ED3A4FE0047EEFF /* LaunchScreen.storyboard in Resources */,
				09887E271EFAE110002D3FDC /* sherlock_tv_2010_panel.jpg in Resources */,
				09887E001EFAE101002D3FDC /* suits_panel.jpg in Resources */,
				09887E2E1EFAE110002D3FDC /* HP_panel.jpg in Resources */,
				09A6EA4B1EFD7ADA008BFCBB /* star_trek_background.jpg in Resources */,
				09C02C4E1EF7818A00CF111F /* check.png in Resources */,
				09887E241EFAE110002D3FDC /* elementary_panel.jpg in Resources */,
				09C02C3D1EF6680A00CF111F /* altAPData.json in Resources */,
				09887E311EFAE110002D3FDC /* 007_panel.jpg in Resources */,
				09887E261EFAE110002D3FDC /* sherlock_holmes_books_panel.jpg in Resources */,
				09A6EA341EFD7ADA008BFCBB /* WOW_background.jpg in Resources */,
				09A6EA521EFD7ADA008BFCBB /* kingsman_background.jpg in Resources */,
				09A6EA421EFD7ADA008BFCBB /* SPN_background.jpg in Resources */,
				09A6EA331EFD7ADA008BFCBB /* star_wars_background.jpg in Resources */,
				09A6EA4D1EFD7ADA008BFCBB /* x_men_background.jpg in Resources */,
				09887E341EFAE110002D3FDC /* x_men_panel.jpg in Resources */,
				09887E561EFBE23F002D3FDC /* slidingMenuItems.json in Resources */,
				095D8A081ED3FC3D00C18B4C /* password.png in Resources */,
				09A6EA391EFD7ADA008BFCBB /* common_law_background.jpg in Resources */,
				09A6EA491EFD7ADA008BFCBB /* tolkien_background.jpg in Resources */,
				09887E2B1EFAE110002D3FDC /* les_miserables_panel.jpg in Resources */,
				09887E2D1EFAE110002D3FDC /* spider_man_panel.jpg in Resources */,
				09887E291EFAE110002D3FDC /* WOW_panel.jpg in Resources */,
				09887E301EFAE110002D3FDC /* tolkien_panel.jpg in Resources */,
				09887E2F1EFAE110002D3FDC /* pacific_rim_panel.jpg in Resources */,
				09887E231EFAE110002D3FDC /* CSI_panel.jpg in Resources */,
				09026BD51ED3C1F60047EEFF /* Credits in Resources */,
				09887DEA1EF90B46002D3FDC /* homepage_background_protostar.jpg in Resources */,
				09C02C481EF77A9F00CF111F /* authentication_completed_page_background_avengers.jpg in Resources */,
				09887E351EFAE110002D3FDC /* TSN_panel.jpg in Resources */,
				09887E381EFAE110002D3FDC /* doctor_strange_panel.jpg in Resources */,
				09887E371EFAE110002D3FDC /* DC_panel.jpg in Resources */,
				09A6EA441EFD7ADA008BFCBB /* CSI_background.jpg in Resources */,
				09026BC71ED3A4FE0047EEFF /* Assets.xcassets in Resources */,
				09A6EA471EFD7ADA008BFCBB /* harry_potter_background.jpg in Resources */,
				09887E221EFAE110002D3FDC /* SPN_panel.jpg in Resources */,
				09A6EA3A1EFD7ADA008BFCBB /* white_collar_background.jpg in Resources */,
				09887E281EFAE110002D3FDC /* star_wars_panel.jpg in Resources */,
				09A6EA481EFD7ADA008BFCBB /* pacific_rim_background.jpg in Resources */,
				09A6EA361EFD7ADA008BFCBB /* the_man_from_uncle_background.jpg in Resources */,
				09887E251EFAE110002D3FDC /* sherlock_holmes_movie_panel.jpg in Resources */,
				09A6EA501EFD7ADA008BFCBB /* DC_background.jpg in Resources */,
				09026BD31ED3C1AD0047EEFF /* slash_full.png in Resources */,
				095D89FF1ED3E4D900C18B4C /* id_card.png in Resources */,
				09887E3D1EFAE110002D3FDC /* thor_general.jpg in Resources */,
				09A6EA411EFD7ADA008BFCBB /* NCIS_background.jpg in Resources */,
				09887E3B1EFAE110002D3FDC /* guardians_of_the_galaxy_panel.jpg in Resources */,
				095D89FD1ED3E44600C18B4C /* username_input_page_background_st.jpg in Resources */,
				09A6EA3D1EFD7ADA008BFCBB /* doctor_who_background.jpg in Resources */,
				09887DFC1EFAE101002D3FDC /* house_panel.jpg in Resources */,
				09A6EA461EFD7ADA008BFCBB /* spider_man_background.jpg in Resources */,
				09887DF91EFAE101002D3FDC /* h5o_panel.jpg in Resources */,
				09026BC21ED3A4FE0047EEFF /* Main.storyboard in Resources */,
				09C02C351EF6256500CF111F /* stdAPData.json in Resources */,
				09887E211EFAE110002D3FDC /* NCIS_panel.jpg in Resources */,
				09A6EA4A1EFD7ADA008BFCBB /* 007_background.jpg in Resources */,
				09A6EA3E1EFD7ADA008BFCBB /* h5o_background.jpg in Resources */,
				09A6EA371EFD7ADA008BFCBB /* background_mask.png in Resources */,
				09887E011EFAE101002D3FDC /* merlin_panel.jpg in Resources */,
				095D89F91ED3C97700C18B4C /* coverImage.jpg in Resources */,
				09887DFA1EFAE101002D3FDC /* teen_wolf_panel.jpg in Resources */,
				09887DF71EFAE101002D3FDC /* the_flash_panel.jpg in Resources */,
				09887E361EFAE110002D3FDC /* inception_panel.jpg in Resources */,
				09A6EA511EFD7ADA008BFCBB /* avengers_background.jpg in Resources */,
				09887DFD1EFAE101002D3FDC /* hannibal_panel.jpg in Resources */,
				09887E321EFAE110002D3FDC /* star_trek_panel.jpg in Resources */,
				09A6EA381EFD7ADA008BFCBB /* suits_background.jpg in Resources */,
				09A6EA3F1EFD7ADA008BFCBB /* teen_wolf_background.jpg in Resources */,
				09887E3E1EFAE110002D3FDC /* iron_man_panel.jpg in Resources */,
				09A6EA671EFFC84C008BFCBB /* homepage_Mask.png in Resources */,
				09A6EA4C1EFD7ADA008BFCBB /* mission_impossible_background.jpg in Resources */,
				09887DFF1EFAE101002D3FDC /* common_law_panel.jpg in Resources */,
				09887E3A1EFAE110002D3FDC /* antman_panel.jpg in Resources */,
				09887DFE1EFAE101002D3FDC /* poi_panel.jpg in Resources */,
				09A6EA431EFD7ADA008BFCBB /* sherlock_background.jpg in Resources */,
				09A6EA551EFF95B4008BFCBB /* sections.json in Resources */,
				09A6EA3C1EFD7ADA008BFCBB /* house_background.jpg in Resources */,
				09887E2A1EFAE110002D3FDC /* the_man_from_uncle_panel.jpg in Resources */,
			);
			runOnlyForDeploymentPostprocessing = 0;
		};
		09A6EA5A1EFFC465008BFCBB /* Resources */ = {
			isa = PBXResourcesBuildPhase;
			buildActionMask = 2147483647;
			files = (
			);
			runOnlyForDeploymentPostprocessing = 0;
		};
/* End PBXResourcesBuildPhase section */

/* Begin PBXSourcesBuildPhase section */
		09026BB51ED3A4FE0047EEFF /* Sources */ = {
			isa = PBXSourcesBuildPhase;
			buildActionMask = 2147483647;
			files = (
				095D8A021ED3E6D000C18B4C /* fromCoverPageToUsernameInputPage.swift in Sources */,
				09A6EA571EFFA348008BFCBB /* Sections.swift in Sources */,
				09C02C3B1EF6622F00CF111F /* RequestHelper.swift in Sources */,
				095D8A061ED3F67B00C18B4C /* PasswordInputPageViewController.swift in Sources */,
				091174731ED519A2009052A7 /* DocumentViewerHelper.swift in Sources */,
				091174751ED523E3009052A7 /* fromPasswordInputPageToUsernameInputPage.swift in Sources */,
				09887E541EFBDD7C002D3FDC /* SlidingMenuButton.swift in Sources */,
				09C02C411EF67C6A00CF111F /* PasswordInputPageViewControllerExt.swift in Sources */,
				09C02C321EF5836F00CF111F /* AccessPoints.swift in Sources */,
				091174711ED51004009052A7 /* UserCredentials.swift in Sources */,
				09C02C541EF7ACFE00CF111F /* HomepageViewController.swift in Sources */,
				095D89FB1ED3D40100C18B4C /* UsernameInputPageViewController.swift in Sources */,
				09887E491EFAF498002D3FDC /* HomepageBackgroundImageHandler.swift in Sources */,
				09026BBF1ED3A4FE0047EEFF /* CoverPageViewController.swift in Sources */,
				09026BC51ED3A4FE0047EEFF /* mtslash_NEXT.xcdatamodeld in Sources */,
				09887E471EFAF3C7002D3FDC /* SlidingMenuHandler.swift in Sources */,
				09887E521EFBC4B7002D3FDC /* HomepageViewControllerExtA.swift in Sources */,
				09026BBD1ED3A4FE0047EEFF /* AppDelegate.swift in Sources */,
				095D8A0A1ED4C3B700C18B4C /* fromUsernameInputPageToPasswordInputPage.swift in Sources */,
				09887E581EFC0DA6002D3FDC /* HomepageViewControllerExtB.swift in Sources */,
				09C02C431EF6BFF900CF111F /* ResponseHelper.swift in Sources */,
				095D8A0C1ED4D3A700C18B4C /* WebDocumentPageViewController.swift in Sources */,
				09C02C501EF79FB200CF111F /* fromPasswordInputPageToAuthenticationCompletedPage.swift in Sources */,
				09C02C461EF7763800CF111F /* AuthenticationCompletedPageViewController.swift in Sources */,
			);
			runOnlyForDeploymentPostprocessing = 0;
		};
		09A6EA581EFFC465008BFCBB /* Sources */ = {
			isa = PBXSourcesBuildPhase;
			buildActionMask = 2147483647;
			files = (
				09A6EA5F1EFFC465008BFCBB /* mtslash_NEXT_Tests.swift in Sources */,
			);
			runOnlyForDeploymentPostprocessing = 0;
		};
/* End PBXSourcesBuildPhase section */

/* Begin PBXTargetDependency section */
		09A6EA621EFFC465008BFCBB /* PBXTargetDependency */ = {
			isa = PBXTargetDependency;
			target = 09026BB81ED3A4FE0047EEFF /* mtslash:NEXT */;
			targetProxy = 09A6EA611EFFC465008BFCBB /* PBXContainerItemProxy */;
		};
/* End PBXTargetDependency section */

/* Begin PBXVariantGroup section */
		09026BC01ED3A4FE0047EEFF /* Main.storyboard */ = {
			isa = PBXVariantGroup;
			children = (
				09026BC11ED3A4FE0047EEFF /* Base */,
			);
			name = Main.storyboard;
			sourceTree = "<group>";
		};
		09026BC81ED3A4FE0047EEFF /* LaunchScreen.storyboard */ = {
			isa = PBXVariantGroup;
			children = (
				09026BC91ED3A4FE0047EEFF /* Base */,
			);
			name = LaunchScreen.storyboard;
			sourceTree = "<group>";
		};
/* End PBXVariantGroup section */

/* Begin XCBuildConfiguration section */
		09026BCC1ED3A4FE0047EEFF /* Debug */ = {
			isa = XCBuildConfiguration;
			buildSettings = {
				ALWAYS_SEARCH_USER_PATHS = NO;
				CLANG_ANALYZER_NONNULL = YES;
				CLANG_ANALYZER_NUMBER_OBJECT_CONVERSION = YES_AGGRESSIVE;
				CLANG_CXX_LANGUAGE_STANDARD = "gnu++0x";
				CLANG_CXX_LIBRARY = "libc++";
				CLANG_ENABLE_MODULES = YES;
				CLANG_ENABLE_OBJC_ARC = YES;
				CLANG_WARN_BOOL_CONVERSION = YES;
				CLANG_WARN_CONSTANT_CONVERSION = YES;
				CLANG_WARN_DIRECT_OBJC_ISA_USAGE = YES_ERROR;
				CLANG_WARN_DOCUMENTATION_COMMENTS = YES;
				CLANG_WARN_EMPTY_BODY = YES;
				CLANG_WARN_ENUM_CONVERSION = YES;
				CLANG_WARN_INFINITE_RECURSION = YES;
				CLANG_WARN_INT_CONVERSION = YES;
				CLANG_WARN_OBJC_ROOT_CLASS = YES_ERROR;
				CLANG_WARN_SUSPICIOUS_MOVE = YES;
				CLANG_WARN_UNREACHABLE_CODE = YES;
				CLANG_WARN__DUPLICATE_METHOD_MATCH = YES;
				"CODE_SIGN_IDENTITY[sdk=iphoneos*]" = "iPhone Developer";
				COPY_PHASE_STRIP = NO;
				DEBUG_INFORMATION_FORMAT = dwarf;
				ENABLE_STRICT_OBJC_MSGSEND = YES;
				ENABLE_TESTABILITY = YES;
				GCC_C_LANGUAGE_STANDARD = gnu99;
				GCC_DYNAMIC_NO_PIC = NO;
				GCC_NO_COMMON_BLOCKS = YES;
				GCC_OPTIMIZATION_LEVEL = 0;
				GCC_PREPROCESSOR_DEFINITIONS = (
					"DEBUG=1",
					"$(inherited)",
				);
				GCC_WARN_64_TO_32_BIT_CONVERSION = YES;
				GCC_WARN_ABOUT_RETURN_TYPE = YES_ERROR;
				GCC_WARN_UNDECLARED_SELECTOR = YES;
				GCC_WARN_UNINITIALIZED_AUTOS = YES_AGGRESSIVE;
				GCC_WARN_UNUSED_FUNCTION = YES;
				GCC_WARN_UNUSED_VARIABLE = YES;
				IPHONEOS_DEPLOYMENT_TARGET = 10.3;
				MTL_ENABLE_DEBUG_INFO = YES;
				ONLY_ACTIVE_ARCH = YES;
				SDKROOT = iphoneos;
				SWIFT_ACTIVE_COMPILATION_CONDITIONS = DEBUG;
				SWIFT_OPTIMIZATION_LEVEL = "-Onone";
			};
			name = Debug;
		};
		09026BCD1ED3A4FE0047EEFF /* Release */ = {
			isa = XCBuildConfiguration;
			buildSettings = {
				ALWAYS_SEARCH_USER_PATHS = NO;
				CLANG_ANALYZER_NONNULL = YES;
				CLANG_ANALYZER_NUMBER_OBJECT_CONVERSION = YES_AGGRESSIVE;
				CLANG_CXX_LANGUAGE_STANDARD = "gnu++0x";
				CLANG_CXX_LIBRARY = "libc++";
				CLANG_ENABLE_MODULES = YES;
				CLANG_ENABLE_OBJC_ARC = YES;
				CLANG_WARN_BOOL_CONVERSION = YES;
				CLANG_WARN_CONSTANT_CONVERSION = YES;
				CLANG_WARN_DIRECT_OBJC_ISA_USAGE = YES_ERROR;
				CLANG_WARN_DOCUMENTATION_COMMENTS = YES;
				CLANG_WARN_EMPTY_BODY = YES;
				CLANG_WARN_ENUM_CONVERSION = YES;
				CLANG_WARN_INFINITE_RECURSION = YES;
				CLANG_WARN_INT_CONVERSION = YES;
				CLANG_WARN_OBJC_ROOT_CLASS = YES_ERROR;
				CLANG_WARN_SUSPICIOUS_MOVE = YES;
				CLANG_WARN_UNREACHABLE_CODE = YES;
				CLANG_WARN__DUPLICATE_METHOD_MATCH = YES;
				"CODE_SIGN_IDENTITY[sdk=iphoneos*]" = "iPhone Developer";
				COPY_PHASE_STRIP = NO;
				DEBUG_INFORMATION_FORMAT = "dwarf-with-dsym";
				ENABLE_NS_ASSERTIONS = NO;
				ENABLE_STRICT_OBJC_MSGSEND = YES;
				GCC_C_LANGUAGE_STANDARD = gnu99;
				GCC_NO_COMMON_BLOCKS = YES;
				GCC_WARN_64_TO_32_BIT_CONVERSION = YES;
				GCC_WARN_ABOUT_RETURN_TYPE = YES_ERROR;
				GCC_WARN_UNDECLARED_SELECTOR = YES;
				GCC_WARN_UNINITIALIZED_AUTOS = YES_AGGRESSIVE;
				GCC_WARN_UNUSED_FUNCTION = YES;
				GCC_WARN_UNUSED_VARIABLE = YES;
				IPHONEOS_DEPLOYMENT_TARGET = 10.3;
				MTL_ENABLE_DEBUG_INFO = NO;
				SDKROOT = iphoneos;
				SWIFT_OPTIMIZATION_LEVEL = "-Owholemodule";
				VALIDATE_PRODUCT = YES;
			};
			name = Release;
		};
		09026BCF1ED3A4FE0047EEFF /* Debug */ = {
			isa = XCBuildConfiguration;
			buildSettings = {
				ASSETCATALOG_COMPILER_APPICON_NAME = AppIcon;
				DEVELOPMENT_TEAM = 4Z73D5W9HK;
				INFOPLIST_FILE = "mtslash:NEXT/Info.plist";
				IPHONEOS_DEPLOYMENT_TARGET = 10.3;
				LD_RUNPATH_SEARCH_PATHS = "$(inherited) @executable_path/Frameworks";
				PRODUCT_BUNDLE_IDENTIFIER = "michaelawyu.mtslash-NEXT";
				PRODUCT_NAME = "$(TARGET_NAME)";
				SWIFT_VERSION = 3.0;
			};
			name = Debug;
		};
		09026BD01ED3A4FE0047EEFF /* Release */ = {
			isa = XCBuildConfiguration;
			buildSettings = {
				ASSETCATALOG_COMPILER_APPICON_NAME = AppIcon;
				DEVELOPMENT_TEAM = 4Z73D5W9HK;
				INFOPLIST_FILE = "mtslash:NEXT/Info.plist";
				IPHONEOS_DEPLOYMENT_TARGET = 10.3;
				LD_RUNPATH_SEARCH_PATHS = "$(inherited) @executable_path/Frameworks";
				PRODUCT_BUNDLE_IDENTIFIER = "michaelawyu.mtslash-NEXT";
				PRODUCT_NAME = "$(TARGET_NAME)";
				SWIFT_VERSION = 3.0;
			};
			name = Release;
		};
		09A6EA641EFFC465008BFCBB /* Debug */ = {
			isa = XCBuildConfiguration;
			buildSettings = {
				BUNDLE_LOADER = "$(TEST_HOST)";
				DEVELOPMENT_TEAM = 4Z73D5W9HK;
				INFOPLIST_FILE = "mtslash:NEXT_Tests/Info.plist";
				LD_RUNPATH_SEARCH_PATHS = "$(inherited) @executable_path/Frameworks @loader_path/Frameworks";
				PRODUCT_BUNDLE_IDENTIFIER = "michaelawyu.mtslash-NEXT-Tests";
				PRODUCT_NAME = "$(TARGET_NAME)";
				SWIFT_VERSION = 3.0;
				TEST_HOST = "$(BUILT_PRODUCTS_DIR)/mtslash:NEXT.app/mtslash:NEXT";
			};
			name = Debug;
		};
		09A6EA651EFFC465008BFCBB /* Release */ = {
			isa = XCBuildConfiguration;
			buildSettings = {
				BUNDLE_LOADER = "$(TEST_HOST)";
				DEVELOPMENT_TEAM = 4Z73D5W9HK;
				INFOPLIST_FILE = "mtslash:NEXT_Tests/Info.plist";
				LD_RUNPATH_SEARCH_PATHS = "$(inherited) @executable_path/Frameworks @loader_path/Frameworks";
				PRODUCT_BUNDLE_IDENTIFIER = "michaelawyu.mtslash-NEXT-Tests";
				PRODUCT_NAME = "$(TARGET_NAME)";
				SWIFT_VERSION = 3.0;
				TEST_HOST = "$(BUILT_PRODUCTS_DIR)/mtslash:NEXT.app/mtslash:NEXT";
			};
			name = Release;
		};
/* End XCBuildConfiguration section */

/* Begin XCConfigurationList section */
		09026BB41ED3A4FE0047EEFF /* Build configuration list for PBXProject "mtslash:NEXT" */ = {
			isa = XCConfigurationList;
			buildConfigurations = (
				09026BCC1ED3A4FE0047EEFF /* Debug */,
				09026BCD1ED3A4FE0047EEFF /* Release */,
			);
			defaultConfigurationIsVisible = 0;
			defaultConfigurationName = Release;
		};
		09026BCE1ED3A4FE0047EEFF /* Build configuration list for PBXNativeTarget "mtslash:NEXT" */ = {
			isa = XCConfigurationList;
			buildConfigurations = (
				09026BCF1ED3A4FE0047EEFF /* Debug */,
				09026BD01ED3A4FE0047EEFF /* Release */,
			);
			defaultConfigurationIsVisible = 0;
			defaultConfigurationName = Release;
		};
		09A6EA631EFFC465008BFCBB /* Build configuration list for PBXNativeTarget "mtslash:NEXT_Tests" */ = {
			isa = XCConfigurationList;
			buildConfigurations = (
				09A6EA641EFFC465008BFCBB /* Debug */,
				09A6EA651EFFC465008BFCBB /* Release */,
			);
			defaultConfigurationIsVisible = 0;
		};
/* End XCConfigurationList section */

/* Begin XCVersionGroup section */
		09026BC31ED3A4FE0047EEFF /* mtslash_NEXT.xcdatamodeld */ = {
			isa = XCVersionGroup;
			children = (
				09026BC41ED3A4FE0047EEFF /* mtslash_NEXT.xcdatamodel */,
			);
			currentVersion = 09026BC41ED3A4FE0047EEFF /* mtslash_NEXT.xcdatamodel */;
			path = mtslash_NEXT.xcdatamodeld;
			sourceTree = "<group>";
			versionGroupType = wrapper.xcdatamodel;
		};
/* End XCVersionGroup section */
	};
	rootObject = 09026BB11ED3A4FE0047EEFF /* Project object */;
}
